
Microsoft Visual Studio Solution File, Format Version 12.00
# Visual Studio Version 17
VisualStudioVersion = 17.9.34728.123
MinimumVisualStudioVersion = 10.0.40219.1
Project("{FAE04EC0-301F-11D3-BF4B-00C04F79EFBC}") = "Rehber", "Rehber.csproj", "{B8F87C1C-8522-44D8-993D-EBB037E36EA1}"
EndProject
Global
	GlobalSection(SolutionConfigurationPlatforms) = preSolution
		Debug|Any CPU = Debug|Any CPU
		Release|Any CPU = Release|Any CPU
	EndGlobalSection
	GlobalSection(ProjectConfigurationPlatforms) = postSolution
		{B8F87C1C-8522-44D8-993D-EBB037E36EA1}.Debug|Any CPU.ActiveCfg = Debug|Any CPU
		{B8F87C1C-8522-44D8-993D-EBB037E36EA1}.Debug|Any CPU.Build.0 = Debug|Any CPU
		{B8F87C1C-8522-44D8-993D-EBB037E36EA1}.Release|Any CPU.ActiveCfg = Release|Any CPU
		{B8F87C1C-8522-44D8-993D-EBB037E36EA1}.Release|Any CPU.Build.0 = Release|Any CPU
	EndGlobalSection
	GlobalSection(SolutionProperties) = preSolution
		HideSolutionNode = FALSE
	EndGlobalSection
	GlobalSection(ExtensibilityGlobals) = postSolution
		SolutionGuid = {58079910-559F-4131-9D4D-09B9117E8C5E}
	EndGlobalSection
EndGlobal
