
Microsoft Visual Studio Solution File, Format Version 12.00
# Visual Studio Version 17
VisualStudioVersion = 17.9.34728.123
MinimumVisualStudioVersion = 10.0.40219.1
Project("{FAE04EC0-301F-11D3-BF4B-00C04F79EFBC}") = "FırınStokSistemi_App", "FırınStokSistemi_App.csproj", "{CF5501CA-64B5-4223-AAB8-0546702A5E60}"
EndProject
Global
	GlobalSection(SolutionConfigurationPlatforms) = preSolution
		Debug|Any CPU = Debug|Any CPU
		Release|Any CPU = Release|Any CPU
	EndGlobalSection
	GlobalSection(ProjectConfigurationPlatforms) = postSolution
		{CF5501CA-64B5-4223-AAB8-0546702A5E60}.Debug|Any CPU.ActiveCfg = Debug|Any CPU
		{CF5501CA-64B5-4223-AAB8-0546702A5E60}.Debug|Any CPU.Build.0 = Debug|Any CPU
		{CF5501CA-64B5-4223-AAB8-0546702A5E60}.Release|Any CPU.ActiveCfg = Release|Any CPU
		{CF5501CA-64B5-4223-AAB8-0546702A5E60}.Release|Any CPU.Build.0 = Release|Any CPU
	EndGlobalSection
	GlobalSection(SolutionProperties) = preSolution
		HideSolutionNode = FALSE
	EndGlobalSection
	GlobalSection(ExtensibilityGlobals) = postSolution
		SolutionGuid = {DE61F725-3571-4CF0-89C9-7483714B97A2}
	EndGlobalSection
EndGlobal
