
Microsoft Visual Studio Solution File, Format Version 12.00
# Visual Studio Version 17
VisualStudioVersion = 17.9.34728.123
MinimumVisualStudioVersion = 10.0.40219.1
Project("{FAE04EC0-301F-11D3-BF4B-00C04F79EFBC}") = "Hareket", "Hareket.csproj", "{A0D9AFE2-24F8-42C8-B8E7-111FC046B114}"
EndProject
Global
	GlobalSection(SolutionConfigurationPlatforms) = preSolution
		Debug|Any CPU = Debug|Any CPU
		Release|Any CPU = Release|Any CPU
	EndGlobalSection
	GlobalSection(ProjectConfigurationPlatforms) = postSolution
		{A0D9AFE2-24F8-42C8-B8E7-111FC046B114}.Debug|Any CPU.ActiveCfg = Debug|Any CPU
		{A0D9AFE2-24F8-42C8-B8E7-111FC046B114}.Debug|Any CPU.Build.0 = Debug|Any CPU
		{A0D9AFE2-24F8-42C8-B8E7-111FC046B114}.Release|Any CPU.ActiveCfg = Release|Any CPU
		{A0D9AFE2-24F8-42C8-B8E7-111FC046B114}.Release|Any CPU.Build.0 = Release|Any CPU
	EndGlobalSection
	GlobalSection(SolutionProperties) = preSolution
		HideSolutionNode = FALSE
	EndGlobalSection
	GlobalSection(ExtensibilityGlobals) = postSolution
		SolutionGuid = {14E4E174-C833-4BD2-9A6D-C5E93318AFD5}
	EndGlobalSection
EndGlobal
