
Microsoft Visual Studio Solution File, Format Version 12.00
# Visual Studio Version 17
VisualStudioVersion = 17.9.34728.123
MinimumVisualStudioVersion = 10.0.40219.1
Project("{FAE04EC0-301F-11D3-BF4B-00C04F79EFBC}") = "Kitaplık_App", "Kitaplık_App.csproj", "{1F0EA5CE-D9CC-4F0A-9205-687A73D9E380}"
EndProject
Global
	GlobalSection(SolutionConfigurationPlatforms) = preSolution
		Debug|Any CPU = Debug|Any CPU
		Release|Any CPU = Release|Any CPU
	EndGlobalSection
	GlobalSection(ProjectConfigurationPlatforms) = postSolution
		{1F0EA5CE-D9CC-4F0A-9205-687A73D9E380}.Debug|Any CPU.ActiveCfg = Debug|Any CPU
		{1F0EA5CE-D9CC-4F0A-9205-687A73D9E380}.Debug|Any CPU.Build.0 = Debug|Any CPU
		{1F0EA5CE-D9CC-4F0A-9205-687A73D9E380}.Release|Any CPU.ActiveCfg = Release|Any CPU
		{1F0EA5CE-D9CC-4F0A-9205-687A73D9E380}.Release|Any CPU.Build.0 = Release|Any CPU
	EndGlobalSection
	GlobalSection(SolutionProperties) = preSolution
		HideSolutionNode = FALSE
	EndGlobalSection
	GlobalSection(ExtensibilityGlobals) = postSolution
		SolutionGuid = {48AC0456-790E-414F-B849-AADD8C904E3A}
	EndGlobalSection
EndGlobal
