
Microsoft Visual Studio Solution File, Format Version 12.00
# Visual Studio Version 17
VisualStudioVersion = 17.9.34728.123
MinimumVisualStudioVersion = 10.0.40219.1
Project("{FAE04EC0-301F-11D3-BF4B-00C04F79EFBC}") = "Film_Arsivim", "Film_Arsivim.csproj", "{04723544-DA1A-43FB-9FA7-557B2BD96099}"
EndProject
Global
	GlobalSection(SolutionConfigurationPlatforms) = preSolution
		Debug|Any CPU = Debug|Any CPU
		Release|Any CPU = Release|Any CPU
	EndGlobalSection
	GlobalSection(ProjectConfigurationPlatforms) = postSolution
		{04723544-DA1A-43FB-9FA7-557B2BD96099}.Debug|Any CPU.ActiveCfg = Debug|Any CPU
		{04723544-DA1A-43FB-9FA7-557B2BD96099}.Debug|Any CPU.Build.0 = Debug|Any CPU
		{04723544-DA1A-43FB-9FA7-557B2BD96099}.Release|Any CPU.ActiveCfg = Release|Any CPU
		{04723544-DA1A-43FB-9FA7-557B2BD96099}.Release|Any CPU.Build.0 = Release|Any CPU
	EndGlobalSection
	GlobalSection(SolutionProperties) = preSolution
		HideSolutionNode = FALSE
	EndGlobalSection
	GlobalSection(ExtensibilityGlobals) = postSolution
		SolutionGuid = {D2C3ADFA-CDED-4714-BC2E-963676B6FB90}
	EndGlobalSection
EndGlobal
