
Microsoft Visual Studio Solution File, Format Version 12.00
# Visual Studio Version 17
VisualStudioVersion = 17.9.34728.123
MinimumVisualStudioVersion = 10.0.40219.1
Project("{FAE04EC0-301F-11D3-BF4B-00C04F79EFBC}") = "PassaParolaGame", "PassaParolaGame.csproj", "{2B770841-96AE-491A-A497-1DAE6E2B39BF}"
EndProject
Global
	GlobalSection(SolutionConfigurationPlatforms) = preSolution
		Debug|Any CPU = Debug|Any CPU
		Release|Any CPU = Release|Any CPU
	EndGlobalSection
	GlobalSection(ProjectConfigurationPlatforms) = postSolution
		{2B770841-96AE-491A-A497-1DAE6E2B39BF}.Debug|Any CPU.ActiveCfg = Debug|Any CPU
		{2B770841-96AE-491A-A497-1DAE6E2B39BF}.Debug|Any CPU.Build.0 = Debug|Any CPU
		{2B770841-96AE-491A-A497-1DAE6E2B39BF}.Release|Any CPU.ActiveCfg = Release|Any CPU
		{2B770841-96AE-491A-A497-1DAE6E2B39BF}.Release|Any CPU.Build.0 = Release|Any CPU
	EndGlobalSection
	GlobalSection(SolutionProperties) = preSolution
		HideSolutionNode = FALSE
	EndGlobalSection
	GlobalSection(ExtensibilityGlobals) = postSolution
		SolutionGuid = {125B3A61-B01D-44FF-AB3F-4D16D1FE7B06}
	EndGlobalSection
EndGlobal
